
Microsoft Visual Studio Solution File, Format Version 12.00
# Visual Studio Version 17
VisualStudioVersion = 17.0.31903.59
MinimumVisualStudioVersion = 10.0.40219.1
Project("{FAE04EC0-301F-11D3-BF4B-00C04F79EFBC}") = "WebStore.API", "src\WebStore.API\WebStore.API.csproj", "{71A7F7E3-17E2-4325-87E9-976E36E1C487}"
EndProject
Project("{FAE04EC0-301F-11D3-BF4B-00C04F79EFBC}") = "WebStore.Domain", "src\WebStore.Domain\WebStore.Domain.csproj", "{816A4295-E2B2-4311-9433-196AC00D4845}"
EndProject
Project("{FAE04EC0-301F-11D3-BF4B-00C04F79EFBC}") = "WebStore.Infrastructure", "src\WebStore.Infrastructure\WebStore.Infrastructure.csproj", "{0750C290-7139-43A6-A000-FA9D0C9372D2}"
EndProject
Project("{FAE04EC0-301F-11D3-BF4B-00C04F79EFBC}") = "WebStore.Application", "src\WebStore.Application\WebStore.Application.csproj", "{DA8E40FC-8917-4C85-9E79-D6147044F1EF}"
EndProject
Global
	GlobalSection(SolutionConfigurationPlatforms) = preSolution
		Debug|Any CPU = Debug|Any CPU
		Release|Any CPU = Release|Any CPU
	EndGlobalSection
	GlobalSection(SolutionProperties) = preSolution
		HideSolutionNode = FALSE
	EndGlobalSection
	GlobalSection(ProjectConfigurationPlatforms) = postSolution
		{71A7F7E3-17E2-4325-87E9-976E36E1C487}.Debug|Any CPU.ActiveCfg = Debug|Any CPU
		{71A7F7E3-17E2-4325-87E9-976E36E1C487}.Debug|Any CPU.Build.0 = Debug|Any CPU
		{71A7F7E3-17E2-4325-87E9-976E36E1C487}.Release|Any CPU.ActiveCfg = Release|Any CPU
		{71A7F7E3-17E2-4325-87E9-976E36E1C487}.Release|Any CPU.Build.0 = Release|Any CPU
		{816A4295-E2B2-4311-9433-196AC00D4845}.Debug|Any CPU.ActiveCfg = Debug|Any CPU
		{816A4295-E2B2-4311-9433-196AC00D4845}.Debug|Any CPU.Build.0 = Debug|Any CPU
		{816A4295-E2B2-4311-9433-196AC00D4845}.Release|Any CPU.ActiveCfg = Release|Any CPU
		{816A4295-E2B2-4311-9433-196AC00D4845}.Release|Any CPU.Build.0 = Release|Any CPU
		{0750C290-7139-43A6-A000-FA9D0C9372D2}.Debug|Any CPU.ActiveCfg = Debug|Any CPU
		{0750C290-7139-43A6-A000-FA9D0C9372D2}.Debug|Any CPU.Build.0 = Debug|Any CPU
		{0750C290-7139-43A6-A000-FA9D0C9372D2}.Release|Any CPU.ActiveCfg = Release|Any CPU
		{0750C290-7139-43A6-A000-FA9D0C9372D2}.Release|Any CPU.Build.0 = Release|Any CPU
		{DA8E40FC-8917-4C85-9E79-D6147044F1EF}.Debug|Any CPU.ActiveCfg = Debug|Any CPU
		{DA8E40FC-8917-4C85-9E79-D6147044F1EF}.Debug|Any CPU.Build.0 = Debug|Any CPU
		{DA8E40FC-8917-4C85-9E79-D6147044F1EF}.Release|Any CPU.ActiveCfg = Release|Any CPU
		{DA8E40FC-8917-4C85-9E79-D6147044F1EF}.Release|Any CPU.Build.0 = Release|Any CPU
	EndGlobalSection
EndGlobal
